
Microsoft Visual Studio Solution File, Format Version 12.00
# Visual Studio Version 17
VisualStudioVersion = 17.5.002.0
MinimumVisualStudioVersion = 10.0.40219.1
Project("{9A19103F-16F7-4668-BE54-9A1E7A4F7556}") = "Questao 07", "Questao 07.csproj", "{5971B817-39D6-4D49-AE05-C87E1992ECFF}"
EndProject
Global
	GlobalSection(SolutionConfigurationPlatforms) = preSolution
		Debug|Any CPU = Debug|Any CPU
		Release|Any CPU = Release|Any CPU
	EndGlobalSection
	GlobalSection(ProjectConfigurationPlatforms) = postSolution
		{5971B817-39D6-4D49-AE05-C87E1992ECFF}.Debug|Any CPU.ActiveCfg = Debug|Any CPU
		{5971B817-39D6-4D49-AE05-C87E1992ECFF}.Debug|Any CPU.Build.0 = Debug|Any CPU
		{5971B817-39D6-4D49-AE05-C87E1992ECFF}.Release|Any CPU.ActiveCfg = Release|Any CPU
		{5971B817-39D6-4D49-AE05-C87E1992ECFF}.Release|Any CPU.Build.0 = Release|Any CPU
	EndGlobalSection
	GlobalSection(SolutionProperties) = preSolution
		HideSolutionNode = FALSE
	EndGlobalSection
	GlobalSection(ExtensibilityGlobals) = postSolution
		SolutionGuid = {3BE3EC39-81CF-47C1-9D85-9E190C034FF7}
	EndGlobalSection
EndGlobal
