
Microsoft Visual Studio Solution File, Format Version 12.00
# Visual Studio Version 17
VisualStudioVersion = 17.5.002.0
MinimumVisualStudioVersion = 10.0.40219.1
Project("{9A19103F-16F7-4668-BE54-9A1E7A4F7556}") = "IP-02", "IP-02.csproj", "{AB08247E-CDAF-473A-AFB0-66666C60ED57}"
EndProject
Global
	GlobalSection(SolutionConfigurationPlatforms) = preSolution
		Debug|Any CPU = Debug|Any CPU
		Release|Any CPU = Release|Any CPU
	EndGlobalSection
	GlobalSection(ProjectConfigurationPlatforms) = postSolution
		{AB08247E-CDAF-473A-AFB0-66666C60ED57}.Debug|Any CPU.ActiveCfg = Debug|Any CPU
		{AB08247E-CDAF-473A-AFB0-66666C60ED57}.Debug|Any CPU.Build.0 = Debug|Any CPU
		{AB08247E-CDAF-473A-AFB0-66666C60ED57}.Release|Any CPU.ActiveCfg = Release|Any CPU
		{AB08247E-CDAF-473A-AFB0-66666C60ED57}.Release|Any CPU.Build.0 = Release|Any CPU
	EndGlobalSection
	GlobalSection(SolutionProperties) = preSolution
		HideSolutionNode = FALSE
	EndGlobalSection
	GlobalSection(ExtensibilityGlobals) = postSolution
		SolutionGuid = {3743F898-F994-4619-A902-57B5197A98F8}
	EndGlobalSection
EndGlobal
